
Microsoft Visual Studio Solution File, Format Version 12.00
# Visual Studio Version 16
VisualStudioVersion = 16.0.28809.33
MinimumVisualStudioVersion = 10.0.40219.1
Project("{FAE04EC0-301F-11D3-BF4B-00C04F79EFBC}") = "Practice01", "Practice01\Practice01.csproj", "{A3F8F18E-CB2B-427F-B92E-536FC564789D}"
EndProject
Global
	GlobalSection(SolutionConfigurationPlatforms) = preSolution
		Debug|Any CPU = Debug|Any CPU
		Release|Any CPU = Release|Any CPU
	EndGlobalSection
	GlobalSection(ProjectConfigurationPlatforms) = postSolution
		{A3F8F18E-CB2B-427F-B92E-536FC564789D}.Debug|Any CPU.ActiveCfg = Debug|Any CPU
		{A3F8F18E-CB2B-427F-B92E-536FC564789D}.Debug|Any CPU.Build.0 = Debug|Any CPU
		{A3F8F18E-CB2B-427F-B92E-536FC564789D}.Release|Any CPU.ActiveCfg = Release|Any CPU
		{A3F8F18E-CB2B-427F-B92E-536FC564789D}.Release|Any CPU.Build.0 = Release|Any CPU
	EndGlobalSection
	GlobalSection(SolutionProperties) = preSolution
		HideSolutionNode = FALSE
	EndGlobalSection
	GlobalSection(ExtensibilityGlobals) = postSolution
		SolutionGuid = {96C2632A-A215-406B-88BC-2A7AD9B4D573}
	EndGlobalSection
EndGlobal
